
Microsoft Visual Studio Solution File, Format Version 15.00
# Visual Studio 2017
Project("{FAE04EC0-301F-11D3-BF4B-00C04F79EFBC}") = "Numerical3DMatching", "Numerical3DMatching.csproj", "{4E7F3891-1FD4-4A56-B737-25E10EA5EC9A}"
EndProject
Global
	GlobalSection(SolutionConfigurationPlatforms) = preSolution
		Debug|Any CPU = Debug|Any CPU
		Release|Any CPU = Release|Any CPU
	EndGlobalSection
	GlobalSection(ProjectConfigurationPlatforms) = postSolution
		{4E7F3891-1FD4-4A56-B737-25E10EA5EC9A}.Debug|Any CPU.ActiveCfg = Debug|Any CPU
		{4E7F3891-1FD4-4A56-B737-25E10EA5EC9A}.Debug|Any CPU.Build.0 = Debug|Any CPU
		{4E7F3891-1FD4-4A56-B737-25E10EA5EC9A}.Release|Any CPU.ActiveCfg = Release|Any CPU
		{4E7F3891-1FD4-4A56-B737-25E10EA5EC9A}.Release|Any CPU.Build.0 = Release|Any CPU
	EndGlobalSection
EndGlobal
